
Microsoft Visual Studio Solution File, Format Version 12.00
# Visual Studio Version 17
VisualStudioVersion = 17.2.32526.322
MinimumVisualStudioVersion = 10.0.40219.1
Project("{FAE04EC0-301F-11D3-BF4B-00C04F79EFBC}") = "BOTAY_browser", "BOTAY_browser\BOTAY_browser.csproj", "{F932B429-4AC3-4119-BE3A-00A587F27C37}"
EndProject
Global
	GlobalSection(SolutionConfigurationPlatforms) = preSolution
		Debug|Any CPU = Debug|Any CPU
		Release|Any CPU = Release|Any CPU
	EndGlobalSection
	GlobalSection(ProjectConfigurationPlatforms) = postSolution
		{F932B429-4AC3-4119-BE3A-00A587F27C37}.Debug|Any CPU.ActiveCfg = Debug|Any CPU
		{F932B429-4AC3-4119-BE3A-00A587F27C37}.Debug|Any CPU.Build.0 = Debug|Any CPU
		{F932B429-4AC3-4119-BE3A-00A587F27C37}.Release|Any CPU.ActiveCfg = Release|Any CPU
		{F932B429-4AC3-4119-BE3A-00A587F27C37}.Release|Any CPU.Build.0 = Release|Any CPU
	EndGlobalSection
	GlobalSection(SolutionProperties) = preSolution
		HideSolutionNode = FALSE
	EndGlobalSection
	GlobalSection(ExtensibilityGlobals) = postSolution
		SolutionGuid = {05C564A7-09B3-4D82-AE51-1BC2A93060DE}
	EndGlobalSection
EndGlobal
