
Microsoft Visual Studio Solution File, Format Version 12.00
Project("{FAE04EC0-301F-11D3-BF4B-00C04F79EFBC}") = "BOTAY_console_edition", "BOTAY_console_edition\BOTAY_console_edition.csproj", "{E03686C3-A5FC-40FF-808A-F1445ED1E4E9}"
EndProject
Project("{FAE04EC0-301F-11D3-BF4B-00C04F79EFBC}") = "BotayConsoleTests", "BotayConsoleTests\BotayConsoleTests.csproj", "{EE4E272E-C8D9-45F2-A4A9-5DC35AC9F562}"
EndProject
Global
	GlobalSection(SolutionConfigurationPlatforms) = preSolution
		Debug|Any CPU = Debug|Any CPU
		Release|Any CPU = Release|Any CPU
	EndGlobalSection
	GlobalSection(ProjectConfigurationPlatforms) = postSolution
		{E03686C3-A5FC-40FF-808A-F1445ED1E4E9}.Debug|Any CPU.ActiveCfg = Debug|Any CPU
		{E03686C3-A5FC-40FF-808A-F1445ED1E4E9}.Debug|Any CPU.Build.0 = Debug|Any CPU
		{E03686C3-A5FC-40FF-808A-F1445ED1E4E9}.Release|Any CPU.ActiveCfg = Release|Any CPU
		{E03686C3-A5FC-40FF-808A-F1445ED1E4E9}.Release|Any CPU.Build.0 = Release|Any CPU
		{EE4E272E-C8D9-45F2-A4A9-5DC35AC9F562}.Debug|Any CPU.ActiveCfg = Debug|Any CPU
		{EE4E272E-C8D9-45F2-A4A9-5DC35AC9F562}.Debug|Any CPU.Build.0 = Debug|Any CPU
		{EE4E272E-C8D9-45F2-A4A9-5DC35AC9F562}.Release|Any CPU.ActiveCfg = Release|Any CPU
		{EE4E272E-C8D9-45F2-A4A9-5DC35AC9F562}.Release|Any CPU.Build.0 = Release|Any CPU
	EndGlobalSection
EndGlobal
